
Microsoft Visual Studio Solution File, Format Version 12.00
# Visual Studio Version 17
VisualStudioVersion = 17.10.35013.160
MinimumVisualStudioVersion = 10.0.40219.1
Project("{FAE04EC0-301F-11D3-BF4B-00C04F79EFBC}") = "RegistrationWizard.WebApi", "RegistrationWizard.WebApi\RegistrationWizard.WebApi.csproj", "{7C3575D0-832B-4171-8BEC-DA403863DC60}"
EndProject
Project("{FAE04EC0-301F-11D3-BF4B-00C04F79EFBC}") = "RegistrationWizard.Core", "RegistrationWizard.Core\RegistrationWizard.Core.csproj", "{956B28A5-3C0C-40F3-88D9-92AB9D6B1CFC}"
EndProject
Project("{FAE04EC0-301F-11D3-BF4B-00C04F79EFBC}") = "RegistrationWizard.Application", "RegistrationWizard.Application\RegistrationWizard.Application.csproj", "{3D846CFF-9C20-460A-BBE2-5FC523D77BF1}"
EndProject
Project("{FAE04EC0-301F-11D3-BF4B-00C04F79EFBC}") = "RegistrationWizard.Infrastructure", "RegistrationWizard.Infrastructure\RegistrationWizard.Infrastructure.csproj", "{0E962DF8-E3C8-43AB-820B-E53FD5E8ADAD}"
EndProject
Global
	GlobalSection(SolutionConfigurationPlatforms) = preSolution
		Debug|Any CPU = Debug|Any CPU
		Release|Any CPU = Release|Any CPU
	EndGlobalSection
	GlobalSection(ProjectConfigurationPlatforms) = postSolution
		{7C3575D0-832B-4171-8BEC-DA403863DC60}.Debug|Any CPU.ActiveCfg = Debug|Any CPU
		{7C3575D0-832B-4171-8BEC-DA403863DC60}.Debug|Any CPU.Build.0 = Debug|Any CPU
		{7C3575D0-832B-4171-8BEC-DA403863DC60}.Release|Any CPU.ActiveCfg = Release|Any CPU
		{7C3575D0-832B-4171-8BEC-DA403863DC60}.Release|Any CPU.Build.0 = Release|Any CPU
		{956B28A5-3C0C-40F3-88D9-92AB9D6B1CFC}.Debug|Any CPU.ActiveCfg = Debug|Any CPU
		{956B28A5-3C0C-40F3-88D9-92AB9D6B1CFC}.Debug|Any CPU.Build.0 = Debug|Any CPU
		{956B28A5-3C0C-40F3-88D9-92AB9D6B1CFC}.Release|Any CPU.ActiveCfg = Release|Any CPU
		{956B28A5-3C0C-40F3-88D9-92AB9D6B1CFC}.Release|Any CPU.Build.0 = Release|Any CPU
		{3D846CFF-9C20-460A-BBE2-5FC523D77BF1}.Debug|Any CPU.ActiveCfg = Debug|Any CPU
		{3D846CFF-9C20-460A-BBE2-5FC523D77BF1}.Debug|Any CPU.Build.0 = Debug|Any CPU
		{3D846CFF-9C20-460A-BBE2-5FC523D77BF1}.Release|Any CPU.ActiveCfg = Release|Any CPU
		{3D846CFF-9C20-460A-BBE2-5FC523D77BF1}.Release|Any CPU.Build.0 = Release|Any CPU
		{0E962DF8-E3C8-43AB-820B-E53FD5E8ADAD}.Debug|Any CPU.ActiveCfg = Debug|Any CPU
		{0E962DF8-E3C8-43AB-820B-E53FD5E8ADAD}.Debug|Any CPU.Build.0 = Debug|Any CPU
		{0E962DF8-E3C8-43AB-820B-E53FD5E8ADAD}.Release|Any CPU.ActiveCfg = Release|Any CPU
		{0E962DF8-E3C8-43AB-820B-E53FD5E8ADAD}.Release|Any CPU.Build.0 = Release|Any CPU
	EndGlobalSection
	GlobalSection(SolutionProperties) = preSolution
		HideSolutionNode = FALSE
	EndGlobalSection
	GlobalSection(ExtensibilityGlobals) = postSolution
		SolutionGuid = {F8830DBB-6145-4FA1-B938-3C0ACCEB6485}
	EndGlobalSection
EndGlobal
